
Microsoft Visual Studio Solution File, Format Version 12.00
# Visual Studio 15
VisualStudioVersion = 15.0.26124.0
MinimumVisualStudioVersion = 15.0.26124.0
Project("{FAE04EC0-301F-11D3-BF4B-00C04F79EFBC}") = "Business", "Business\Business.csproj", "{83AC7D7C-5065-4E1D-B705-B8C4AB3F6FCA}"
EndProject
Project("{FAE04EC0-301F-11D3-BF4B-00C04F79EFBC}") = "Application", "Application\Application.csproj", "{D5A00065-4FBA-4C64-A240-44FBD73617E8}"
EndProject
Project("{FAE04EC0-301F-11D3-BF4B-00C04F79EFBC}") = "WebAPI", "WebAPI\WebAPI.csproj", "{BF6CD4F5-9A37-4E04-AC7C-6E276CF6335C}"
EndProject
Project("{FAE04EC0-301F-11D3-BF4B-00C04F79EFBC}") = "DataAccess", "DataAccess\DataAccess.csproj", "{2693481B-00F5-4887-9FC4-E63A3DD890DE}"
EndProject
Global
	GlobalSection(SolutionConfigurationPlatforms) = preSolution
		Debug|Any CPU = Debug|Any CPU
		Debug|x64 = Debug|x64
		Debug|x86 = Debug|x86
		Release|Any CPU = Release|Any CPU
		Release|x64 = Release|x64
		Release|x86 = Release|x86
	EndGlobalSection
	GlobalSection(SolutionProperties) = preSolution
		HideSolutionNode = FALSE
	EndGlobalSection
	GlobalSection(ProjectConfigurationPlatforms) = postSolution
		{83AC7D7C-5065-4E1D-B705-B8C4AB3F6FCA}.Debug|Any CPU.ActiveCfg = Debug|Any CPU
		{83AC7D7C-5065-4E1D-B705-B8C4AB3F6FCA}.Debug|Any CPU.Build.0 = Debug|Any CPU
		{83AC7D7C-5065-4E1D-B705-B8C4AB3F6FCA}.Debug|x64.ActiveCfg = Debug|Any CPU
		{83AC7D7C-5065-4E1D-B705-B8C4AB3F6FCA}.Debug|x64.Build.0 = Debug|Any CPU
		{83AC7D7C-5065-4E1D-B705-B8C4AB3F6FCA}.Debug|x86.ActiveCfg = Debug|Any CPU
		{83AC7D7C-5065-4E1D-B705-B8C4AB3F6FCA}.Debug|x86.Build.0 = Debug|Any CPU
		{83AC7D7C-5065-4E1D-B705-B8C4AB3F6FCA}.Release|Any CPU.ActiveCfg = Release|Any CPU
		{83AC7D7C-5065-4E1D-B705-B8C4AB3F6FCA}.Release|Any CPU.Build.0 = Release|Any CPU
		{83AC7D7C-5065-4E1D-B705-B8C4AB3F6FCA}.Release|x64.ActiveCfg = Release|Any CPU
		{83AC7D7C-5065-4E1D-B705-B8C4AB3F6FCA}.Release|x64.Build.0 = Release|Any CPU
		{83AC7D7C-5065-4E1D-B705-B8C4AB3F6FCA}.Release|x86.ActiveCfg = Release|Any CPU
		{83AC7D7C-5065-4E1D-B705-B8C4AB3F6FCA}.Release|x86.Build.0 = Release|Any CPU
		{D5A00065-4FBA-4C64-A240-44FBD73617E8}.Debug|Any CPU.ActiveCfg = Debug|Any CPU
		{D5A00065-4FBA-4C64-A240-44FBD73617E8}.Debug|Any CPU.Build.0 = Debug|Any CPU
		{D5A00065-4FBA-4C64-A240-44FBD73617E8}.Debug|x64.ActiveCfg = Debug|Any CPU
		{D5A00065-4FBA-4C64-A240-44FBD73617E8}.Debug|x64.Build.0 = Debug|Any CPU
		{D5A00065-4FBA-4C64-A240-44FBD73617E8}.Debug|x86.ActiveCfg = Debug|Any CPU
		{D5A00065-4FBA-4C64-A240-44FBD73617E8}.Debug|x86.Build.0 = Debug|Any CPU
		{D5A00065-4FBA-4C64-A240-44FBD73617E8}.Release|Any CPU.ActiveCfg = Release|Any CPU
		{D5A00065-4FBA-4C64-A240-44FBD73617E8}.Release|Any CPU.Build.0 = Release|Any CPU
		{D5A00065-4FBA-4C64-A240-44FBD73617E8}.Release|x64.ActiveCfg = Release|Any CPU
		{D5A00065-4FBA-4C64-A240-44FBD73617E8}.Release|x64.Build.0 = Release|Any CPU
		{D5A00065-4FBA-4C64-A240-44FBD73617E8}.Release|x86.ActiveCfg = Release|Any CPU
		{D5A00065-4FBA-4C64-A240-44FBD73617E8}.Release|x86.Build.0 = Release|Any CPU
		{BF6CD4F5-9A37-4E04-AC7C-6E276CF6335C}.Debug|Any CPU.ActiveCfg = Debug|Any CPU
		{BF6CD4F5-9A37-4E04-AC7C-6E276CF6335C}.Debug|Any CPU.Build.0 = Debug|Any CPU
		{BF6CD4F5-9A37-4E04-AC7C-6E276CF6335C}.Debug|x64.ActiveCfg = Debug|Any CPU
		{BF6CD4F5-9A37-4E04-AC7C-6E276CF6335C}.Debug|x64.Build.0 = Debug|Any CPU
		{BF6CD4F5-9A37-4E04-AC7C-6E276CF6335C}.Debug|x86.ActiveCfg = Debug|Any CPU
		{BF6CD4F5-9A37-4E04-AC7C-6E276CF6335C}.Debug|x86.Build.0 = Debug|Any CPU
		{BF6CD4F5-9A37-4E04-AC7C-6E276CF6335C}.Release|Any CPU.ActiveCfg = Release|Any CPU
		{BF6CD4F5-9A37-4E04-AC7C-6E276CF6335C}.Release|Any CPU.Build.0 = Release|Any CPU
		{BF6CD4F5-9A37-4E04-AC7C-6E276CF6335C}.Release|x64.ActiveCfg = Release|Any CPU
		{BF6CD4F5-9A37-4E04-AC7C-6E276CF6335C}.Release|x64.Build.0 = Release|Any CPU
		{BF6CD4F5-9A37-4E04-AC7C-6E276CF6335C}.Release|x86.ActiveCfg = Release|Any CPU
		{BF6CD4F5-9A37-4E04-AC7C-6E276CF6335C}.Release|x86.Build.0 = Release|Any CPU
		{2693481B-00F5-4887-9FC4-E63A3DD890DE}.Debug|Any CPU.ActiveCfg = Debug|Any CPU
		{2693481B-00F5-4887-9FC4-E63A3DD890DE}.Debug|Any CPU.Build.0 = Debug|Any CPU
		{2693481B-00F5-4887-9FC4-E63A3DD890DE}.Debug|x64.ActiveCfg = Debug|Any CPU
		{2693481B-00F5-4887-9FC4-E63A3DD890DE}.Debug|x64.Build.0 = Debug|Any CPU
		{2693481B-00F5-4887-9FC4-E63A3DD890DE}.Debug|x86.ActiveCfg = Debug|Any CPU
		{2693481B-00F5-4887-9FC4-E63A3DD890DE}.Debug|x86.Build.0 = Debug|Any CPU
		{2693481B-00F5-4887-9FC4-E63A3DD890DE}.Release|Any CPU.ActiveCfg = Release|Any CPU
		{2693481B-00F5-4887-9FC4-E63A3DD890DE}.Release|Any CPU.Build.0 = Release|Any CPU
		{2693481B-00F5-4887-9FC4-E63A3DD890DE}.Release|x64.ActiveCfg = Release|Any CPU
		{2693481B-00F5-4887-9FC4-E63A3DD890DE}.Release|x64.Build.0 = Release|Any CPU
		{2693481B-00F5-4887-9FC4-E63A3DD890DE}.Release|x86.ActiveCfg = Release|Any CPU
		{2693481B-00F5-4887-9FC4-E63A3DD890DE}.Release|x86.Build.0 = Release|Any CPU
	EndGlobalSection
EndGlobal
